
Microsoft Visual Studio Solution File, Format Version 12.00
# Visual Studio Version 17
VisualStudioVersion = 17.10.34707.107
MinimumVisualStudioVersion = 10.0.40219.1
Project("{FAE04EC0-301F-11D3-BF4B-00C04F79EFBC}") = "برنامج اختبار في القرآن الكريم", "برنامج اختبار في القرآن الكريم.csproj", "{98ECA4EB-032A-4226-B8FA-0120B4D05671}"
EndProject
Global
	GlobalSection(SolutionConfigurationPlatforms) = preSolution
		Debug|Any CPU = Debug|Any CPU
		Release|Any CPU = Release|Any CPU
	EndGlobalSection
	GlobalSection(ProjectConfigurationPlatforms) = postSolution
		{98ECA4EB-032A-4226-B8FA-0120B4D05671}.Debug|Any CPU.ActiveCfg = Debug|Any CPU
		{98ECA4EB-032A-4226-B8FA-0120B4D05671}.Debug|Any CPU.Build.0 = Debug|Any CPU
		{98ECA4EB-032A-4226-B8FA-0120B4D05671}.Release|Any CPU.ActiveCfg = Release|Any CPU
		{98ECA4EB-032A-4226-B8FA-0120B4D05671}.Release|Any CPU.Build.0 = Release|Any CPU
	EndGlobalSection
	GlobalSection(SolutionProperties) = preSolution
		HideSolutionNode = FALSE
	EndGlobalSection
	GlobalSection(ExtensibilityGlobals) = postSolution
		SolutionGuid = {4E64854A-3FE3-4DD5-B506-B2F44300265D}
	EndGlobalSection
EndGlobal
